
Microsoft Visual Studio Solution File, Format Version 12.00
# Visual Studio 14
VisualStudioVersion = 14.0.25420.1
MinimumVisualStudioVersion = 10.0.40219.1
Project("{FAE04EC0-301F-11D3-BF4B-00C04F79EFBC}") = "vokram.Core", "vokram.Core\vokram.Core.csproj", "{B2116B2A-60DA-4671-A547-A97F92304223}"
EndProject
Project("{FAE04EC0-301F-11D3-BF4B-00C04F79EFBC}") = "vokram.Plugins", "vokram.Plugins\vokram.Plugins.csproj", "{85FD30A6-693F-44C4-8266-27CBB112C021}"
EndProject
Project("{FAE04EC0-301F-11D3-BF4B-00C04F79EFBC}") = "vokram", "vokram\vokram.csproj", "{35D63F72-2AA5-40F6-B7FB-5CFBB92576DC}"
EndProject
Project("{FAE04EC0-301F-11D3-BF4B-00C04F79EFBC}") = "vokram.Trainer", "vokram.Trainer\vokram.Trainer.csproj", "{0968D67F-65D9-4E6E-A907-E688EEA2217A}"
EndProject
Global
	GlobalSection(SolutionConfigurationPlatforms) = preSolution
		Debug|Any CPU = Debug|Any CPU
		Release|Any CPU = Release|Any CPU
	EndGlobalSection
	GlobalSection(ProjectConfigurationPlatforms) = postSolution
		{B2116B2A-60DA-4671-A547-A97F92304223}.Debug|Any CPU.ActiveCfg = Debug|Any CPU
		{B2116B2A-60DA-4671-A547-A97F92304223}.Debug|Any CPU.Build.0 = Debug|Any CPU
		{B2116B2A-60DA-4671-A547-A97F92304223}.Release|Any CPU.ActiveCfg = Release|Any CPU
		{B2116B2A-60DA-4671-A547-A97F92304223}.Release|Any CPU.Build.0 = Release|Any CPU
		{85FD30A6-693F-44C4-8266-27CBB112C021}.Debug|Any CPU.ActiveCfg = Debug|Any CPU
		{85FD30A6-693F-44C4-8266-27CBB112C021}.Debug|Any CPU.Build.0 = Debug|Any CPU
		{85FD30A6-693F-44C4-8266-27CBB112C021}.Release|Any CPU.ActiveCfg = Release|Any CPU
		{85FD30A6-693F-44C4-8266-27CBB112C021}.Release|Any CPU.Build.0 = Release|Any CPU
		{35D63F72-2AA5-40F6-B7FB-5CFBB92576DC}.Debug|Any CPU.ActiveCfg = Debug|Any CPU
		{35D63F72-2AA5-40F6-B7FB-5CFBB92576DC}.Debug|Any CPU.Build.0 = Debug|Any CPU
		{35D63F72-2AA5-40F6-B7FB-5CFBB92576DC}.Release|Any CPU.ActiveCfg = Release|Any CPU
		{35D63F72-2AA5-40F6-B7FB-5CFBB92576DC}.Release|Any CPU.Build.0 = Release|Any CPU
		{0968D67F-65D9-4E6E-A907-E688EEA2217A}.Debug|Any CPU.ActiveCfg = Debug|Any CPU
		{0968D67F-65D9-4E6E-A907-E688EEA2217A}.Debug|Any CPU.Build.0 = Debug|Any CPU
		{0968D67F-65D9-4E6E-A907-E688EEA2217A}.Release|Any CPU.ActiveCfg = Release|Any CPU
		{0968D67F-65D9-4E6E-A907-E688EEA2217A}.Release|Any CPU.Build.0 = Release|Any CPU
	EndGlobalSection
	GlobalSection(SolutionProperties) = preSolution
		HideSolutionNode = FALSE
	EndGlobalSection
EndGlobal
